
Microsoft Visual Studio Solution File, Format Version 12.00
# Visual Studio 15
Project("{FAE04EC0-301F-11D3-BF4B-00C04F79EFBC}") = "PhotonUnityNetworking.Utilities", "PhotonUnityNetworking.Utilities.csproj", "{C7D29EBD-4C43-97F0-0A6B-F1BB76C69754}"
EndProject
Project("{FAE04EC0-301F-11D3-BF4B-00C04F79EFBC}") = "Assembly-CSharp", "Assembly-CSharp.csproj", "{D7687D06-9288-4BCE-B835-EBBCE911F5D7}"
EndProject
Project("{FAE04EC0-301F-11D3-BF4B-00C04F79EFBC}") = "PhotonUnityNetworking.Demos", "PhotonUnityNetworking.Demos.csproj", "{D285A82F-B991-EE79-AAA4-3553D27B697F}"
EndProject
Project("{FAE04EC0-301F-11D3-BF4B-00C04F79EFBC}") = "PhotonUnityNetworking", "PhotonUnityNetworking.csproj", "{14C79B44-7FB8-45C4-619A-D8E7E70D2822}"
EndProject
Project("{FAE04EC0-301F-11D3-BF4B-00C04F79EFBC}") = "PhotonChat", "PhotonChat.csproj", "{6B9169A7-434C-EB78-C651-313B51B8BBF5}"
EndProject
Project("{FAE04EC0-301F-11D3-BF4B-00C04F79EFBC}") = "PhotonRealtime", "PhotonRealtime.csproj", "{EC946B5A-DB4A-345D-6966-84ABF5FA0739}"
EndProject
Project("{FAE04EC0-301F-11D3-BF4B-00C04F79EFBC}") = "PhotonUnityNetworking.Editor", "PhotonUnityNetworking.Editor.csproj", "{69E607A9-2F9F-C384-6DBC-B43B27A018A5}"
EndProject
Project("{FAE04EC0-301F-11D3-BF4B-00C04F79EFBC}") = "PhotonUnityNetworking.Utilities.PhotonPlayer.Editor", "PhotonUnityNetworking.Utilities.PhotonPlayer.Editor.csproj", "{275BBB54-2279-A747-3C1E-6672377407A2}"
EndProject
Project("{FAE04EC0-301F-11D3-BF4B-00C04F79EFBC}") = "PunDemos.DemoSlotcarEditor", "PunDemos.DemoSlotcarEditor.csproj", "{6A4746EF-8B50-9579-363E-CF47D31C48A2}"
EndProject
Project("{FAE04EC0-301F-11D3-BF4B-00C04F79EFBC}") = "PhotonUnityNetworking.Utilities.Culling.Editor", "PhotonUnityNetworking.Utilities.Culling.Editor.csproj", "{7D48821B-3AF5-D2E1-26CD-5439CF530509}"
EndProject
Project("{FAE04EC0-301F-11D3-BF4B-00C04F79EFBC}") = "PunDemos.DemoHubEditor", "PunDemos.DemoHubEditor.csproj", "{E34A80B2-6533-4568-1817-0A71691E287E}"
EndProject
Global
	GlobalSection(SolutionConfigurationPlatforms) = preSolution
		Debug|Any CPU = Debug|Any CPU
		Release|Any CPU = Release|Any CPU
	EndGlobalSection
	GlobalSection(ProjectConfigurationPlatforms) = postSolution
		{C7D29EBD-4C43-97F0-0A6B-F1BB76C69754}.Debug|Any CPU.ActiveCfg = Debug|Any CPU
		{C7D29EBD-4C43-97F0-0A6B-F1BB76C69754}.Debug|Any CPU.Build.0 = Debug|Any CPU
		{C7D29EBD-4C43-97F0-0A6B-F1BB76C69754}.Release|Any CPU.ActiveCfg = Release|Any CPU
		{C7D29EBD-4C43-97F0-0A6B-F1BB76C69754}.Release|Any CPU.Build.0 = Release|Any CPU
		{D7687D06-9288-4BCE-B835-EBBCE911F5D7}.Debug|Any CPU.ActiveCfg = Debug|Any CPU
		{D7687D06-9288-4BCE-B835-EBBCE911F5D7}.Debug|Any CPU.Build.0 = Debug|Any CPU
		{D7687D06-9288-4BCE-B835-EBBCE911F5D7}.Release|Any CPU.ActiveCfg = Release|Any CPU
		{D7687D06-9288-4BCE-B835-EBBCE911F5D7}.Release|Any CPU.Build.0 = Release|Any CPU
		{D285A82F-B991-EE79-AAA4-3553D27B697F}.Debug|Any CPU.ActiveCfg = Debug|Any CPU
		{D285A82F-B991-EE79-AAA4-3553D27B697F}.Debug|Any CPU.Build.0 = Debug|Any CPU
		{D285A82F-B991-EE79-AAA4-3553D27B697F}.Release|Any CPU.ActiveCfg = Release|Any CPU
		{D285A82F-B991-EE79-AAA4-3553D27B697F}.Release|Any CPU.Build.0 = Release|Any CPU
		{14C79B44-7FB8-45C4-619A-D8E7E70D2822}.Debug|Any CPU.ActiveCfg = Debug|Any CPU
		{14C79B44-7FB8-45C4-619A-D8E7E70D2822}.Debug|Any CPU.Build.0 = Debug|Any CPU
		{14C79B44-7FB8-45C4-619A-D8E7E70D2822}.Release|Any CPU.ActiveCfg = Release|Any CPU
		{14C79B44-7FB8-45C4-619A-D8E7E70D2822}.Release|Any CPU.Build.0 = Release|Any CPU
		{6B9169A7-434C-EB78-C651-313B51B8BBF5}.Debug|Any CPU.ActiveCfg = Debug|Any CPU
		{6B9169A7-434C-EB78-C651-313B51B8BBF5}.Debug|Any CPU.Build.0 = Debug|Any CPU
		{6B9169A7-434C-EB78-C651-313B51B8BBF5}.Release|Any CPU.ActiveCfg = Release|Any CPU
		{6B9169A7-434C-EB78-C651-313B51B8BBF5}.Release|Any CPU.Build.0 = Release|Any CPU
		{EC946B5A-DB4A-345D-6966-84ABF5FA0739}.Debug|Any CPU.ActiveCfg = Debug|Any CPU
		{EC946B5A-DB4A-345D-6966-84ABF5FA0739}.Debug|Any CPU.Build.0 = Debug|Any CPU
		{EC946B5A-DB4A-345D-6966-84ABF5FA0739}.Release|Any CPU.ActiveCfg = Release|Any CPU
		{EC946B5A-DB4A-345D-6966-84ABF5FA0739}.Release|Any CPU.Build.0 = Release|Any CPU
		{69E607A9-2F9F-C384-6DBC-B43B27A018A5}.Debug|Any CPU.ActiveCfg = Debug|Any CPU
		{69E607A9-2F9F-C384-6DBC-B43B27A018A5}.Debug|Any CPU.Build.0 = Debug|Any CPU
		{69E607A9-2F9F-C384-6DBC-B43B27A018A5}.Release|Any CPU.ActiveCfg = Release|Any CPU
		{69E607A9-2F9F-C384-6DBC-B43B27A018A5}.Release|Any CPU.Build.0 = Release|Any CPU
		{275BBB54-2279-A747-3C1E-6672377407A2}.Debug|Any CPU.ActiveCfg = Debug|Any CPU
		{275BBB54-2279-A747-3C1E-6672377407A2}.Debug|Any CPU.Build.0 = Debug|Any CPU
		{275BBB54-2279-A747-3C1E-6672377407A2}.Release|Any CPU.ActiveCfg = Release|Any CPU
		{275BBB54-2279-A747-3C1E-6672377407A2}.Release|Any CPU.Build.0 = Release|Any CPU
		{6A4746EF-8B50-9579-363E-CF47D31C48A2}.Debug|Any CPU.ActiveCfg = Debug|Any CPU
		{6A4746EF-8B50-9579-363E-CF47D31C48A2}.Debug|Any CPU.Build.0 = Debug|Any CPU
		{6A4746EF-8B50-9579-363E-CF47D31C48A2}.Release|Any CPU.ActiveCfg = Release|Any CPU
		{6A4746EF-8B50-9579-363E-CF47D31C48A2}.Release|Any CPU.Build.0 = Release|Any CPU
		{7D48821B-3AF5-D2E1-26CD-5439CF530509}.Debug|Any CPU.ActiveCfg = Debug|Any CPU
		{7D48821B-3AF5-D2E1-26CD-5439CF530509}.Debug|Any CPU.Build.0 = Debug|Any CPU
		{7D48821B-3AF5-D2E1-26CD-5439CF530509}.Release|Any CPU.ActiveCfg = Release|Any CPU
		{7D48821B-3AF5-D2E1-26CD-5439CF530509}.Release|Any CPU.Build.0 = Release|Any CPU
		{E34A80B2-6533-4568-1817-0A71691E287E}.Debug|Any CPU.ActiveCfg = Debug|Any CPU
		{E34A80B2-6533-4568-1817-0A71691E287E}.Debug|Any CPU.Build.0 = Debug|Any CPU
		{E34A80B2-6533-4568-1817-0A71691E287E}.Release|Any CPU.ActiveCfg = Release|Any CPU
		{E34A80B2-6533-4568-1817-0A71691E287E}.Release|Any CPU.Build.0 = Release|Any CPU
	EndGlobalSection
	GlobalSection(SolutionProperties) = preSolution
		HideSolutionNode = FALSE
	EndGlobalSection
EndGlobal
